// !$*UTF8*$!
{
	archiveVersion = 1;
	classes = {
	};
	objectVersion = 48;
	objects = {

/* Begin PBXBuildFile section */
		BC1AAF4F20298E4A00D6CD9C /* learn.jpg in Resources */ = {isa = PBXBuildFile; fileRef = BC1AAF4E20298E4A00D6CD9C /* learn.jpg */; };
		BC1AAF522029992500D6CD9C /* HaartrainingViewController.mm in Sources */ = {isa = PBXBuildFile; fileRef = BC1AAF512029992500D6CD9C /* HaartrainingViewController.mm */; };
		BC1AAF8020299C0C00D6CD9C /* hogcascade_pedestrians.xml in Resources */ = {isa = PBXBuildFile; fileRef = BC1AAF5520299C0C00D6CD9C /* hogcascade_pedestrians.xml */; };
		BC1AAF8120299C0C00D6CD9C /* CMakeLists.txt in Resources */ = {isa = PBXBuildFile; fileRef = BC1AAF5620299C0C00D6CD9C /* CMakeLists.txt */; };
		BC1AAF8220299C0C00D6CD9C /* haarcascade_upperbody.xml in Resources */ = {isa = PBXBuildFile; fileRef = BC1AAF5820299C0C00D6CD9C /* haarcascade_upperbody.xml */; };
		BC1AAF8320299C0C00D6CD9C /* haarcascade_profileface.xml in Resources */ = {isa = PBXBuildFile; fileRef = BC1AAF5920299C0C00D6CD9C /* haarcascade_profileface.xml */; };
		BC1AAF8420299C0C00D6CD9C /* haarcascade_frontalface_alt2.xml in Resources */ = {isa = PBXBuildFile; fileRef = BC1AAF5A20299C0C00D6CD9C /* haarcascade_frontalface_alt2.xml */; };
		BC1AAF8520299C0C00D6CD9C /* haarcascade_eye.xml in Resources */ = {isa = PBXBuildFile; fileRef = BC1AAF5B20299C0C00D6CD9C /* haarcascade_eye.xml */; };
		BC1AAF8620299C0C00D6CD9C /* haarcascade_lefteye_2splits.xml in Resources */ = {isa = PBXBuildFile; fileRef = BC1AAF5C20299C0C00D6CD9C /* haarcascade_lefteye_2splits.xml */; };
		BC1AAF8720299C0C00D6CD9C /* haarcascade_frontalface_alt_tree.xml in Resources */ = {isa = PBXBuildFile; fileRef = BC1AAF5D20299C0C00D6CD9C /* haarcascade_frontalface_alt_tree.xml */; };
		BC1AAF8820299C0C00D6CD9C /* haarcascade_righteye_2splits.xml in Resources */ = {isa = PBXBuildFile; fileRef = BC1AAF5E20299C0C00D6CD9C /* haarcascade_righteye_2splits.xml */; };
		BC1AAF8920299C0C00D6CD9C /* haarcascade_frontalface_alt.xml in Resources */ = {isa = PBXBuildFile; fileRef = BC1AAF5F20299C0C00D6CD9C /* haarcascade_frontalface_alt.xml */; };
		BC1AAF8A20299C0C00D6CD9C /* haarcascade_lowerbody.xml in Resources */ = {isa = PBXBuildFile; fileRef = BC1AAF6020299C0C00D6CD9C /* haarcascade_lowerbody.xml */; };
		BC1AAF8B20299C0C00D6CD9C /* haarcascade_frontalface_default.xml in Resources */ = {isa = PBXBuildFile; fileRef = BC1AAF6120299C0C00D6CD9C /* haarcascade_frontalface_default.xml */; };
		BC1AAF8C20299C0C00D6CD9C /* haarcascade_smile.xml in Resources */ = {isa = PBXBuildFile; fileRef = BC1AAF6220299C0C00D6CD9C /* haarcascade_smile.xml */; };
		BC1AAF8D20299C0C00D6CD9C /* haarcascade_fullbody.xml in Resources */ = {isa = PBXBuildFile; fileRef = BC1AAF6320299C0C00D6CD9C /* haarcascade_fullbody.xml */; };
		BC1AAF8E20299C0C00D6CD9C /* haarcascade_eye_tree_eyeglasses.xml in Resources */ = {isa = PBXBuildFile; fileRef = BC1AAF6420299C0C00D6CD9C /* haarcascade_eye_tree_eyeglasses.xml */; };
		BC1AAF8F20299C0C00D6CD9C /* trainingfaces_24-24.vec in Resources */ = {isa = PBXBuildFile; fileRef = BC1AAF6620299C0C00D6CD9C /* trainingfaces_24-24.vec */; };
		BC1AAF9020299C0C00D6CD9C /* haarcascade_upperbody.xml in Resources */ = {isa = PBXBuildFile; fileRef = BC1AAF6820299C0C00D6CD9C /* haarcascade_upperbody.xml */; };
		BC1AAF9120299C0C00D6CD9C /* haarcascade_frontalcatface_extended.xml in Resources */ = {isa = PBXBuildFile; fileRef = BC1AAF6920299C0C00D6CD9C /* haarcascade_frontalcatface_extended.xml */; };
		BC1AAF9220299C0C00D6CD9C /* haarcascade_profileface.xml in Resources */ = {isa = PBXBuildFile; fileRef = BC1AAF6A20299C0C00D6CD9C /* haarcascade_profileface.xml */; };
		BC1AAF9320299C0C00D6CD9C /* haarcascade_frontalcatface.xml in Resources */ = {isa = PBXBuildFile; fileRef = BC1AAF6B20299C0C00D6CD9C /* haarcascade_frontalcatface.xml */; };
		BC1AAF9420299C0C00D6CD9C /* haarcascade_frontalface_alt2.xml in Resources */ = {isa = PBXBuildFile; fileRef = BC1AAF6C20299C0C00D6CD9C /* haarcascade_frontalface_alt2.xml */; };
		BC1AAF9520299C0C00D6CD9C /* haarcascade_eye.xml in Resources */ = {isa = PBXBuildFile; fileRef = BC1AAF6D20299C0C00D6CD9C /* haarcascade_eye.xml */; };
		BC1AAF9620299C0C00D6CD9C /* haarcascade_lefteye_2splits.xml in Resources */ = {isa = PBXBuildFile; fileRef = BC1AAF6E20299C0C00D6CD9C /* haarcascade_lefteye_2splits.xml */; };
		BC1AAF9720299C0C00D6CD9C /* haarcascade_frontalface_alt_tree.xml in Resources */ = {isa = PBXBuildFile; fileRef = BC1AAF6F20299C0C00D6CD9C /* haarcascade_frontalface_alt_tree.xml */; };
		BC1AAF9820299C0C00D6CD9C /* haarcascade_licence_plate_rus_16stages.xml in Resources */ = {isa = PBXBuildFile; fileRef = BC1AAF7020299C0C00D6CD9C /* haarcascade_licence_plate_rus_16stages.xml */; };
		BC1AAF9920299C0C00D6CD9C /* haarcascade_righteye_2splits.xml in Resources */ = {isa = PBXBuildFile; fileRef = BC1AAF7120299C0C00D6CD9C /* haarcascade_righteye_2splits.xml */; };
		BC1AAF9A20299C0C00D6CD9C /* haarcascade_frontalface_alt.xml in Resources */ = {isa = PBXBuildFile; fileRef = BC1AAF7220299C0C00D6CD9C /* haarcascade_frontalface_alt.xml */; };
		BC1AAF9B20299C0C00D6CD9C /* haarcascade_lowerbody.xml in Resources */ = {isa = PBXBuildFile; fileRef = BC1AAF7320299C0C00D6CD9C /* haarcascade_lowerbody.xml */; };
		BC1AAF9C20299C0C00D6CD9C /* haarcascade_russian_plate_number.xml in Resources */ = {isa = PBXBuildFile; fileRef = BC1AAF7420299C0C00D6CD9C /* haarcascade_russian_plate_number.xml */; };
		BC1AAF9D20299C0C00D6CD9C /* haarcascade_frontalface_default.xml in Resources */ = {isa = PBXBuildFile; fileRef = BC1AAF7520299C0C00D6CD9C /* haarcascade_frontalface_default.xml */; };
		BC1AAF9E20299C0C00D6CD9C /* haarcascade_smile.xml in Resources */ = {isa = PBXBuildFile; fileRef = BC1AAF7620299C0C00D6CD9C /* haarcascade_smile.xml */; };
		BC1AAF9F20299C0C00D6CD9C /* haarcascade_fullbody.xml in Resources */ = {isa = PBXBuildFile; fileRef = BC1AAF7720299C0C00D6CD9C /* haarcascade_fullbody.xml */; };
		BC1AAFA020299C0C00D6CD9C /* haarcascade_eye_tree_eyeglasses.xml in Resources */ = {isa = PBXBuildFile; fileRef = BC1AAF7820299C0C00D6CD9C /* haarcascade_eye_tree_eyeglasses.xml */; };
		BC1AAFA120299C0C00D6CD9C /* lbpcascade_frontalface.xml in Resources */ = {isa = PBXBuildFile; fileRef = BC1AAF7A20299C0C00D6CD9C /* lbpcascade_frontalface.xml */; };
		BC1AAFA220299C0C00D6CD9C /* lbpcascade_silverware.xml in Resources */ = {isa = PBXBuildFile; fileRef = BC1AAF7B20299C0C00D6CD9C /* lbpcascade_silverware.xml */; };
		BC1AAFA320299C0C00D6CD9C /* lbpcascade_frontalcatface.xml in Resources */ = {isa = PBXBuildFile; fileRef = BC1AAF7C20299C0C00D6CD9C /* lbpcascade_frontalcatface.xml */; };
		BC1AAFA420299C0C00D6CD9C /* lbpcascade_profileface.xml in Resources */ = {isa = PBXBuildFile; fileRef = BC1AAF7D20299C0C00D6CD9C /* lbpcascade_profileface.xml */; };
		BC1AAFA520299C0C00D6CD9C /* lbpcascade_frontalface_improved.xml in Resources */ = {isa = PBXBuildFile; fileRef = BC1AAF7E20299C0C00D6CD9C /* lbpcascade_frontalface_improved.xml */; };
		BC1AAFA620299C0C00D6CD9C /* readme.txt in Resources */ = {isa = PBXBuildFile; fileRef = BC1AAF7F20299C0C00D6CD9C /* readme.txt */; };
		BC1AAFAC2029AF9B00D6CD9C /* learn03.jpg in Resources */ = {isa = PBXBuildFile; fileRef = BC1AAFA92029AF9A00D6CD9C /* learn03.jpg */; };
		BC1AAFAD2029AF9B00D6CD9C /* learn04.jpg in Resources */ = {isa = PBXBuildFile; fileRef = BC1AAFAA2029AF9B00D6CD9C /* learn04.jpg */; };
		BC1AAFAE2029AF9B00D6CD9C /* learn02.jpg in Resources */ = {isa = PBXBuildFile; fileRef = BC1AAFAB2029AF9B00D6CD9C /* learn02.jpg */; };
		BCBE1A39202408B8006007A0 /* AppDelegate.mm in Sources */ = {isa = PBXBuildFile; fileRef = BCBE1A38202408B8006007A0 /* AppDelegate.mm */; };
		BCBE1A3C202408B8006007A0 /* ViewController.mm in Sources */ = {isa = PBXBuildFile; fileRef = BCBE1A3B202408B8006007A0 /* ViewController.mm */; };
		BCBE1A3F202408B8006007A0 /* Main.storyboard in Resources */ = {isa = PBXBuildFile; fileRef = BCBE1A3D202408B8006007A0 /* Main.storyboard */; };
		BCBE1A41202408B8006007A0 /* Assets.xcassets in Resources */ = {isa = PBXBuildFile; fileRef = BCBE1A40202408B8006007A0 /* Assets.xcassets */; };
		BCBE1A44202408B8006007A0 /* LaunchScreen.storyboard in Resources */ = {isa = PBXBuildFile; fileRef = BCBE1A42202408B8006007A0 /* LaunchScreen.storyboard */; };
		BCBE1A47202408B8006007A0 /* main.m in Sources */ = {isa = PBXBuildFile; fileRef = BCBE1A46202408B8006007A0 /* main.m */; };
		BCBE1A51202408B8006007A0 /* opencv2FrameworkTests.m in Sources */ = {isa = PBXBuildFile; fileRef = BCBE1A50202408B8006007A0 /* opencv2FrameworkTests.m */; };
		BCBE1A5C202408B8006007A0 /* opencv2FrameworkUITests.m in Sources */ = {isa = PBXBuildFile; fileRef = BCBE1A5B202408B8006007A0 /* opencv2FrameworkUITests.m */; };
		BCBE1A6A20240919006007A0 /* opencv2.framework in Frameworks */ = {isa = PBXBuildFile; fileRef = BCBE1A6920240919006007A0 /* opencv2.framework */; };
		BCBE1A6E20241294006007A0 /* UIKit.framework in Frameworks */ = {isa = PBXBuildFile; fileRef = BCBE1A6D20241294006007A0 /* UIKit.framework */; };
		BCBE1A70202412A1006007A0 /* Foundation.framework in Frameworks */ = {isa = PBXBuildFile; fileRef = BCBE1A6F202412A1006007A0 /* Foundation.framework */; };
		BCBE1A72202412B3006007A0 /* CoreGraphics.framework in Frameworks */ = {isa = PBXBuildFile; fileRef = BCBE1A71202412B3006007A0 /* CoreGraphics.framework */; };
		BCBE1A74202412C5006007A0 /* AudioToolbox.framework in Frameworks */ = {isa = PBXBuildFile; fileRef = BCBE1A73202412C5006007A0 /* AudioToolbox.framework */; };
		BCBE1A7720241608006007A0 /* UIImage+OpenCV.mm in Sources */ = {isa = PBXBuildFile; fileRef = BCBE1A7520241607006007A0 /* UIImage+OpenCV.mm */; };
/* End PBXBuildFile section */

/* Begin PBXContainerItemProxy section */
		BCBE1A4D202408B8006007A0 /* PBXContainerItemProxy */ = {
			isa = PBXContainerItemProxy;
			containerPortal = BCBE1A2C202408B8006007A0 /* Project object */;
			proxyType = 1;
			remoteGlobalIDString = BCBE1A33202408B8006007A0;
			remoteInfo = opencv2Framework;
		};
		BCBE1A58202408B8006007A0 /* PBXContainerItemProxy */ = {
			isa = PBXContainerItemProxy;
			containerPortal = BCBE1A2C202408B8006007A0 /* Project object */;
			proxyType = 1;
			remoteGlobalIDString = BCBE1A33202408B8006007A0;
			remoteInfo = opencv2Framework;
		};
/* End PBXContainerItemProxy section */

/* Begin PBXFileReference section */
		BC1AAF4E20298E4A00D6CD9C /* learn.jpg */ = {isa = PBXFileReference; lastKnownFileType = image.jpeg; path = learn.jpg; sourceTree = "<group>"; };
		BC1AAF502029992500D6CD9C /* HaartrainingViewController.h */ = {isa = PBXFileReference; lastKnownFileType = sourcecode.c.h; path = HaartrainingViewController.h; sourceTree = "<group>"; };
		BC1AAF512029992500D6CD9C /* HaartrainingViewController.mm */ = {isa = PBXFileReference; lastKnownFileType = sourcecode.cpp.objcpp; path = HaartrainingViewController.mm; sourceTree = "<group>"; };
		BC1AAF5520299C0C00D6CD9C /* hogcascade_pedestrians.xml */ = {isa = PBXFileReference; fileEncoding = 4; lastKnownFileType = text.xml; path = hogcascade_pedestrians.xml; sourceTree = "<group>"; };
		BC1AAF5620299C0C00D6CD9C /* CMakeLists.txt */ = {isa = PBXFileReference; fileEncoding = 4; lastKnownFileType = text; path = CMakeLists.txt; sourceTree = "<group>"; };
		BC1AAF5820299C0C00D6CD9C /* haarcascade_upperbody.xml */ = {isa = PBXFileReference; fileEncoding = 4; lastKnownFileType = text.xml; path = haarcascade_upperbody.xml; sourceTree = "<group>"; };
		BC1AAF5920299C0C00D6CD9C /* haarcascade_profileface.xml */ = {isa = PBXFileReference; fileEncoding = 4; lastKnownFileType = text.xml; path = haarcascade_profileface.xml; sourceTree = "<group>"; };
		BC1AAF5A20299C0C00D6CD9C /* haarcascade_frontalface_alt2.xml */ = {isa = PBXFileReference; fileEncoding = 4; lastKnownFileType = text.xml; path = haarcascade_frontalface_alt2.xml; sourceTree = "<group>"; };
		BC1AAF5B20299C0C00D6CD9C /* haarcascade_eye.xml */ = {isa = PBXFileReference; fileEncoding = 4; lastKnownFileType = text.xml; path = haarcascade_eye.xml; sourceTree = "<group>"; };
		BC1AAF5C20299C0C00D6CD9C /* haarcascade_lefteye_2splits.xml */ = {isa = PBXFileReference; fileEncoding = 4; lastKnownFileType = text.xml; path = haarcascade_lefteye_2splits.xml; sourceTree = "<group>"; };
		BC1AAF5D20299C0C00D6CD9C /* haarcascade_frontalface_alt_tree.xml */ = {isa = PBXFileReference; fileEncoding = 4; lastKnownFileType = text.xml; path = haarcascade_frontalface_alt_tree.xml; sourceTree = "<group>"; };
		BC1AAF5E20299C0C00D6CD9C /* haarcascade_righteye_2splits.xml */ = {isa = PBXFileReference; fileEncoding = 4; lastKnownFileType = text.xml; path = haarcascade_righteye_2splits.xml; sourceTree = "<group>"; };
		BC1AAF5F20299C0C00D6CD9C /* haarcascade_frontalface_alt.xml */ = {isa = PBXFileReference; fileEncoding = 4; lastKnownFileType = text.xml; path = haarcascade_frontalface_alt.xml; sourceTree = "<group>"; };
		BC1AAF6020299C0C00D6CD9C /* haarcascade_lowerbody.xml */ = {isa = PBXFileReference; fileEncoding = 4; lastKnownFileType = text.xml; path = haarcascade_lowerbody.xml; sourceTree = "<group>"; };
		BC1AAF6120299C0C00D6CD9C /* haarcascade_frontalface_default.xml */ = {isa = PBXFileReference; fileEncoding = 4; lastKnownFileType = text.xml; path = haarcascade_frontalface_default.xml; sourceTree = "<group>"; };
		BC1AAF6220299C0C00D6CD9C /* haarcascade_smile.xml */ = {isa = PBXFileReference; fileEncoding = 4; lastKnownFileType = text.xml; path = haarcascade_smile.xml; sourceTree = "<group>"; };
		BC1AAF6320299C0C00D6CD9C /* haarcascade_fullbody.xml */ = {isa = PBXFileReference; fileEncoding = 4; lastKnownFileType = text.xml; path = haarcascade_fullbody.xml; sourceTree = "<group>"; };
		BC1AAF6420299C0C00D6CD9C /* haarcascade_eye_tree_eyeglasses.xml */ = {isa = PBXFileReference; fileEncoding = 4; lastKnownFileType = text.xml; path = haarcascade_eye_tree_eyeglasses.xml; sourceTree = "<group>"; };
		BC1AAF6620299C0C00D6CD9C /* trainingfaces_24-24.vec */ = {isa = PBXFileReference; lastKnownFileType = file; path = "trainingfaces_24-24.vec"; sourceTree = "<group>"; };
		BC1AAF6820299C0C00D6CD9C /* haarcascade_upperbody.xml */ = {isa = PBXFileReference; fileEncoding = 4; lastKnownFileType = text.xml; path = haarcascade_upperbody.xml; sourceTree = "<group>"; };
		BC1AAF6920299C0C00D6CD9C /* haarcascade_frontalcatface_extended.xml */ = {isa = PBXFileReference; fileEncoding = 4; lastKnownFileType = text.xml; path = haarcascade_frontalcatface_extended.xml; sourceTree = "<group>"; };
		BC1AAF6A20299C0C00D6CD9C /* haarcascade_profileface.xml */ = {isa = PBXFileReference; fileEncoding = 4; lastKnownFileType = text.xml; path = haarcascade_profileface.xml; sourceTree = "<group>"; };
		BC1AAF6B20299C0C00D6CD9C /* haarcascade_frontalcatface.xml */ = {isa = PBXFileReference; fileEncoding = 4; lastKnownFileType = text.xml; path = haarcascade_frontalcatface.xml; sourceTree = "<group>"; };
		BC1AAF6C20299C0C00D6CD9C /* haarcascade_frontalface_alt2.xml */ = {isa = PBXFileReference; fileEncoding = 4; lastKnownFileType = text.xml; path = haarcascade_frontalface_alt2.xml; sourceTree = "<group>"; };
		BC1AAF6D20299C0C00D6CD9C /* haarcascade_eye.xml */ = {isa = PBXFileReference; fileEncoding = 4; lastKnownFileType = text.xml; path = haarcascade_eye.xml; sourceTree = "<group>"; };
		BC1AAF6E20299C0C00D6CD9C /* haarcascade_lefteye_2splits.xml */ = {isa = PBXFileReference; fileEncoding = 4; lastKnownFileType = text.xml; path = haarcascade_lefteye_2splits.xml; sourceTree = "<group>"; };
		BC1AAF6F20299C0C00D6CD9C /* haarcascade_frontalface_alt_tree.xml */ = {isa = PBXFileReference; fileEncoding = 4; lastKnownFileType = text.xml; path = haarcascade_frontalface_alt_tree.xml; sourceTree = "<group>"; };
		BC1AAF7020299C0C00D6CD9C /* haarcascade_licence_plate_rus_16stages.xml */ = {isa = PBXFileReference; fileEncoding = 4; lastKnownFileType = text.xml; path = haarcascade_licence_plate_rus_16stages.xml; sourceTree = "<group>"; };
		BC1AAF7120299C0C00D6CD9C /* haarcascade_righteye_2splits.xml */ = {isa = PBXFileReference; fileEncoding = 4; lastKnownFileType = text.xml; path = haarcascade_righteye_2splits.xml; sourceTree = "<group>"; };
		BC1AAF7220299C0C00D6CD9C /* haarcascade_frontalface_alt.xml */ = {isa = PBXFileReference; fileEncoding = 4; lastKnownFileType = text.xml; path = haarcascade_frontalface_alt.xml; sourceTree = "<group>"; };
		BC1AAF7320299C0C00D6CD9C /* haarcascade_lowerbody.xml */ = {isa = PBXFileReference; fileEncoding = 4; lastKnownFileType = text.xml; path = haarcascade_lowerbody.xml; sourceTree = "<group>"; };
		BC1AAF7420299C0C00D6CD9C /* haarcascade_russian_plate_number.xml */ = {isa = PBXFileReference; fileEncoding = 4; lastKnownFileType = text.xml; path = haarcascade_russian_plate_number.xml; sourceTree = "<group>"; };
		BC1AAF7520299C0C00D6CD9C /* haarcascade_frontalface_default.xml */ = {isa = PBXFileReference; fileEncoding = 4; lastKnownFileType = text.xml; path = haarcascade_frontalface_default.xml; sourceTree = "<group>"; };
		BC1AAF7620299C0C00D6CD9C /* haarcascade_smile.xml */ = {isa = PBXFileReference; fileEncoding = 4; lastKnownFileType = text.xml; path = haarcascade_smile.xml; sourceTree = "<group>"; };
		BC1AAF7720299C0C00D6CD9C /* haarcascade_fullbody.xml */ = {isa = PBXFileReference; fileEncoding = 4; lastKnownFileType = text.xml; path = haarcascade_fullbody.xml; sourceTree = "<group>"; };
		BC1AAF7820299C0C00D6CD9C /* haarcascade_eye_tree_eyeglasses.xml */ = {isa = PBXFileReference; fileEncoding = 4; lastKnownFileType = text.xml; path = haarcascade_eye_tree_eyeglasses.xml; sourceTree = "<group>"; };
		BC1AAF7A20299C0C00D6CD9C /* lbpcascade_frontalface.xml */ = {isa = PBXFileReference; fileEncoding = 4; lastKnownFileType = text.xml; path = lbpcascade_frontalface.xml; sourceTree = "<group>"; };
		BC1AAF7B20299C0C00D6CD9C /* lbpcascade_silverware.xml */ = {isa = PBXFileReference; fileEncoding = 4; lastKnownFileType = text.xml; path = lbpcascade_silverware.xml; sourceTree = "<group>"; };
		BC1AAF7C20299C0C00D6CD9C /* lbpcascade_frontalcatface.xml */ = {isa = PBXFileReference; fileEncoding = 4; lastKnownFileType = text.xml; path = lbpcascade_frontalcatface.xml; sourceTree = "<group>"; };
		BC1AAF7D20299C0C00D6CD9C /* lbpcascade_profileface.xml */ = {isa = PBXFileReference; fileEncoding = 4; lastKnownFileType = text.xml; path = lbpcascade_profileface.xml; sourceTree = "<group>"; };
		BC1AAF7E20299C0C00D6CD9C /* lbpcascade_frontalface_improved.xml */ = {isa = PBXFileReference; fileEncoding = 4; lastKnownFileType = text.xml; path = lbpcascade_frontalface_improved.xml; sourceTree = "<group>"; };
		BC1AAF7F20299C0C00D6CD9C /* readme.txt */ = {isa = PBXFileReference; fileEncoding = 4; lastKnownFileType = text; path = readme.txt; sourceTree = "<group>"; };
		BC1AAFA92029AF9A00D6CD9C /* learn03.jpg */ = {isa = PBXFileReference; lastKnownFileType = image.jpeg; path = learn03.jpg; sourceTree = "<group>"; };
		BC1AAFAA2029AF9B00D6CD9C /* learn04.jpg */ = {isa = PBXFileReference; lastKnownFileType = image.jpeg; path = learn04.jpg; sourceTree = "<group>"; };
		BC1AAFAB2029AF9B00D6CD9C /* learn02.jpg */ = {isa = PBXFileReference; lastKnownFileType = image.jpeg; path = learn02.jpg; sourceTree = "<group>"; };
		BCBE1A34202408B8006007A0 /* opencv2Framework.app */ = {isa = PBXFileReference; explicitFileType = wrapper.application; includeInIndex = 0; path = opencv2Framework.app; sourceTree = BUILT_PRODUCTS_DIR; };
		BCBE1A37202408B8006007A0 /* AppDelegate.h */ = {isa = PBXFileReference; lastKnownFileType = sourcecode.c.h; path = AppDelegate.h; sourceTree = "<group>"; };
		BCBE1A38202408B8006007A0 /* AppDelegate.mm */ = {isa = PBXFileReference; lastKnownFileType = sourcecode.cpp.objcpp; path = AppDelegate.mm; sourceTree = "<group>"; };
		BCBE1A3A202408B8006007A0 /* ViewController.h */ = {isa = PBXFileReference; lastKnownFileType = sourcecode.c.h; path = ViewController.h; sourceTree = "<group>"; };
		BCBE1A3B202408B8006007A0 /* ViewController.mm */ = {isa = PBXFileReference; lastKnownFileType = sourcecode.cpp.objcpp; path = ViewController.mm; sourceTree = "<group>"; };
		BCBE1A3E202408B8006007A0 /* Base */ = {isa = PBXFileReference; lastKnownFileType = file.storyboard; name = Base; path = Base.lproj/Main.storyboard; sourceTree = "<group>"; };
		BCBE1A40202408B8006007A0 /* Assets.xcassets */ = {isa = PBXFileReference; lastKnownFileType = folder.assetcatalog; path = Assets.xcassets; sourceTree = "<group>"; };
		BCBE1A43202408B8006007A0 /* Base */ = {isa = PBXFileReference; lastKnownFileType = file.storyboard; name = Base; path = Base.lproj/LaunchScreen.storyboard; sourceTree = "<group>"; };
		BCBE1A45202408B8006007A0 /* Info.plist */ = {isa = PBXFileReference; lastKnownFileType = text.plist.xml; path = Info.plist; sourceTree = "<group>"; };
		BCBE1A46202408B8006007A0 /* main.m */ = {isa = PBXFileReference; lastKnownFileType = sourcecode.c.objc; path = main.m; sourceTree = "<group>"; };
		BCBE1A4C202408B8006007A0 /* opencv2FrameworkTests.xctest */ = {isa = PBXFileReference; explicitFileType = wrapper.cfbundle; includeInIndex = 0; path = opencv2FrameworkTests.xctest; sourceTree = BUILT_PRODUCTS_DIR; };
		BCBE1A50202408B8006007A0 /* opencv2FrameworkTests.m */ = {isa = PBXFileReference; lastKnownFileType = sourcecode.c.objc; path = opencv2FrameworkTests.m; sourceTree = "<group>"; };
		BCBE1A52202408B8006007A0 /* Info.plist */ = {isa = PBXFileReference; lastKnownFileType = text.plist.xml; path = Info.plist; sourceTree = "<group>"; };
		BCBE1A57202408B8006007A0 /* opencv2FrameworkUITests.xctest */ = {isa = PBXFileReference; explicitFileType = wrapper.cfbundle; includeInIndex = 0; path = opencv2FrameworkUITests.xctest; sourceTree = BUILT_PRODUCTS_DIR; };
		BCBE1A5B202408B8006007A0 /* opencv2FrameworkUITests.m */ = {isa = PBXFileReference; lastKnownFileType = sourcecode.c.objc; path = opencv2FrameworkUITests.m; sourceTree = "<group>"; };
		BCBE1A5D202408B8006007A0 /* Info.plist */ = {isa = PBXFileReference; lastKnownFileType = text.plist.xml; path = Info.plist; sourceTree = "<group>"; };
		BCBE1A6920240919006007A0 /* opencv2.framework */ = {isa = PBXFileReference; lastKnownFileType = wrapper.framework; path = opencv2.framework; sourceTree = "<group>"; };
		BCBE1A6B2024114B006007A0 /* opencv.pch */ = {isa = PBXFileReference; lastKnownFileType = sourcecode.c.h; path = opencv.pch; sourceTree = "<group>"; };
		BCBE1A6D20241294006007A0 /* UIKit.framework */ = {isa = PBXFileReference; lastKnownFileType = wrapper.framework; name = UIKit.framework; path = System/Library/Frameworks/UIKit.framework; sourceTree = SDKROOT; };
		BCBE1A6F202412A1006007A0 /* Foundation.framework */ = {isa = PBXFileReference; lastKnownFileType = wrapper.framework; name = Foundation.framework; path = System/Library/Frameworks/Foundation.framework; sourceTree = SDKROOT; };
		BCBE1A71202412B3006007A0 /* CoreGraphics.framework */ = {isa = PBXFileReference; lastKnownFileType = wrapper.framework; name = CoreGraphics.framework; path = System/Library/Frameworks/CoreGraphics.framework; sourceTree = SDKROOT; };
		BCBE1A73202412C5006007A0 /* AudioToolbox.framework */ = {isa = PBXFileReference; lastKnownFileType = wrapper.framework; name = AudioToolbox.framework; path = System/Library/Frameworks/AudioToolbox.framework; sourceTree = SDKROOT; };
		BCBE1A7520241607006007A0 /* UIImage+OpenCV.mm */ = {isa = PBXFileReference; fileEncoding = 4; lastKnownFileType = sourcecode.cpp.objcpp; path = "UIImage+OpenCV.mm"; sourceTree = "<group>"; };
		BCBE1A7620241608006007A0 /* UIImage+OpenCV.h */ = {isa = PBXFileReference; fileEncoding = 4; lastKnownFileType = sourcecode.c.h; path = "UIImage+OpenCV.h"; sourceTree = "<group>"; };
/* End PBXFileReference section */

/* Begin PBXFrameworksBuildPhase section */
		BCBE1A31202408B8006007A0 /* Frameworks */ = {
			isa = PBXFrameworksBuildPhase;
			buildActionMask = 2147483647;
			files = (
				BCBE1A74202412C5006007A0 /* AudioToolbox.framework in Frameworks */,
				BCBE1A72202412B3006007A0 /* CoreGraphics.framework in Frameworks */,
				BCBE1A70202412A1006007A0 /* Foundation.framework in Frameworks */,
				BCBE1A6E20241294006007A0 /* UIKit.framework in Frameworks */,
				BCBE1A6A20240919006007A0 /* opencv2.framework in Frameworks */,
			);
			runOnlyForDeploymentPostprocessing = 0;
		};
		BCBE1A49202408B8006007A0 /* Frameworks */ = {
			isa = PBXFrameworksBuildPhase;
			buildActionMask = 2147483647;
			files = (
			);
			runOnlyForDeploymentPostprocessing = 0;
		};
		BCBE1A54202408B8006007A0 /* Frameworks */ = {
			isa = PBXFrameworksBuildPhase;
			buildActionMask = 2147483647;
			files = (
			);
			runOnlyForDeploymentPostprocessing = 0;
		};
/* End PBXFrameworksBuildPhase section */

/* Begin PBXGroup section */
		BC1AAF5320299C0C00D6CD9C /* data */ = {
			isa = PBXGroup;
			children = (
				BC1AAF5420299C0C00D6CD9C /* hogcascades */,
				BC1AAF5620299C0C00D6CD9C /* CMakeLists.txt */,
				BC1AAF5720299C0C00D6CD9C /* haarcascades_cuda */,
				BC1AAF6520299C0C00D6CD9C /* vec_files */,
				BC1AAF6720299C0C00D6CD9C /* haarcascades */,
				BC1AAF7920299C0C00D6CD9C /* lbpcascades */,
				BC1AAF7F20299C0C00D6CD9C /* readme.txt */,
			);
			path = data;
			sourceTree = "<group>";
		};
		BC1AAF5420299C0C00D6CD9C /* hogcascades */ = {
			isa = PBXGroup;
			children = (
				BC1AAF5520299C0C00D6CD9C /* hogcascade_pedestrians.xml */,
			);
			path = hogcascades;
			sourceTree = "<group>";
		};
		BC1AAF5720299C0C00D6CD9C /* haarcascades_cuda */ = {
			isa = PBXGroup;
			children = (
				BC1AAF5820299C0C00D6CD9C /* haarcascade_upperbody.xml */,
				BC1AAF5920299C0C00D6CD9C /* haarcascade_profileface.xml */,
				BC1AAF5A20299C0C00D6CD9C /* haarcascade_frontalface_alt2.xml */,
				BC1AAF5B20299C0C00D6CD9C /* haarcascade_eye.xml */,
				BC1AAF5C20299C0C00D6CD9C /* haarcascade_lefteye_2splits.xml */,
				BC1AAF5D20299C0C00D6CD9C /* haarcascade_frontalface_alt_tree.xml */,
				BC1AAF5E20299C0C00D6CD9C /* haarcascade_righteye_2splits.xml */,
				BC1AAF5F20299C0C00D6CD9C /* haarcascade_frontalface_alt.xml */,
				BC1AAF6020299C0C00D6CD9C /* haarcascade_lowerbody.xml */,
				BC1AAF6120299C0C00D6CD9C /* haarcascade_frontalface_default.xml */,
				BC1AAF6220299C0C00D6CD9C /* haarcascade_smile.xml */,
				BC1AAF6320299C0C00D6CD9C /* haarcascade_fullbody.xml */,
				BC1AAF6420299C0C00D6CD9C /* haarcascade_eye_tree_eyeglasses.xml */,
			);
			path = haarcascades_cuda;
			sourceTree = "<group>";
		};
		BC1AAF6520299C0C00D6CD9C /* vec_files */ = {
			isa = PBXGroup;
			children = (
				BC1AAF6620299C0C00D6CD9C /* trainingfaces_24-24.vec */,
			);
			path = vec_files;
			sourceTree = "<group>";
		};
		BC1AAF6720299C0C00D6CD9C /* haarcascades */ = {
			isa = PBXGroup;
			children = (
				BC1AAF6820299C0C00D6CD9C /* haarcascade_upperbody.xml */,
				BC1AAF6920299C0C00D6CD9C /* haarcascade_frontalcatface_extended.xml */,
				BC1AAF6A20299C0C00D6CD9C /* haarcascade_profileface.xml */,
				BC1AAF6B20299C0C00D6CD9C /* haarcascade_frontalcatface.xml */,
				BC1AAF6C20299C0C00D6CD9C /* haarcascade_frontalface_alt2.xml */,
				BC1AAF6D20299C0C00D6CD9C /* haarcascade_eye.xml */,
				BC1AAF6E20299C0C00D6CD9C /* haarcascade_lefteye_2splits.xml */,
				BC1AAF6F20299C0C00D6CD9C /* haarcascade_frontalface_alt_tree.xml */,
				BC1AAF7020299C0C00D6CD9C /* haarcascade_licence_plate_rus_16stages.xml */,
				BC1AAF7120299C0C00D6CD9C /* haarcascade_righteye_2splits.xml */,
				BC1AAF7220299C0C00D6CD9C /* haarcascade_frontalface_alt.xml */,
				BC1AAF7320299C0C00D6CD9C /* haarcascade_lowerbody.xml */,
				BC1AAF7420299C0C00D6CD9C /* haarcascade_russian_plate_number.xml */,
				BC1AAF7520299C0C00D6CD9C /* haarcascade_frontalface_default.xml */,
				BC1AAF7620299C0C00D6CD9C /* haarcascade_smile.xml */,
				BC1AAF7720299C0C00D6CD9C /* haarcascade_fullbody.xml */,
				BC1AAF7820299C0C00D6CD9C /* haarcascade_eye_tree_eyeglasses.xml */,
			);
			path = haarcascades;
			sourceTree = "<group>";
		};
		BC1AAF7920299C0C00D6CD9C /* lbpcascades */ = {
			isa = PBXGroup;
			children = (
				BC1AAF7A20299C0C00D6CD9C /* lbpcascade_frontalface.xml */,
				BC1AAF7B20299C0C00D6CD9C /* lbpcascade_silverware.xml */,
				BC1AAF7C20299C0C00D6CD9C /* lbpcascade_frontalcatface.xml */,
				BC1AAF7D20299C0C00D6CD9C /* lbpcascade_profileface.xml */,
				BC1AAF7E20299C0C00D6CD9C /* lbpcascade_frontalface_improved.xml */,
			);
			path = lbpcascades;
			sourceTree = "<group>";
		};
		BCBE1A2B202408B8006007A0 = {
			isa = PBXGroup;
			children = (
				BC1AAF502029992500D6CD9C /* HaartrainingViewController.h */,
				BC1AAF512029992500D6CD9C /* HaartrainingViewController.mm */,
				BCBE1A36202408B8006007A0 /* opencv2Framework */,
				BCBE1A4F202408B8006007A0 /* opencv2FrameworkTests */,
				BCBE1A5A202408B8006007A0 /* opencv2FrameworkUITests */,
				BCBE1A35202408B8006007A0 /* Products */,
				BCBE1A6C20241293006007A0 /* Frameworks */,
			);
			sourceTree = "<group>";
		};
		BCBE1A35202408B8006007A0 /* Products */ = {
			isa = PBXGroup;
			children = (
				BCBE1A34202408B8006007A0 /* opencv2Framework.app */,
				BCBE1A4C202408B8006007A0 /* opencv2FrameworkTests.xctest */,
				BCBE1A57202408B8006007A0 /* opencv2FrameworkUITests.xctest */,
			);
			name = Products;
			sourceTree = "<group>";
		};
		BCBE1A36202408B8006007A0 /* opencv2Framework */ = {
			isa = PBXGroup;
			children = (
				BCBE1A6920240919006007A0 /* opencv2.framework */,
				BCBE1A37202408B8006007A0 /* AppDelegate.h */,
				BCBE1A38202408B8006007A0 /* AppDelegate.mm */,
				BCBE1A7620241608006007A0 /* UIImage+OpenCV.h */,
				BCBE1A7520241607006007A0 /* UIImage+OpenCV.mm */,
				BCBE1A3A202408B8006007A0 /* ViewController.h */,
				BCBE1A3B202408B8006007A0 /* ViewController.mm */,
				BCBE1A3D202408B8006007A0 /* Main.storyboard */,
				BC1AAFAB2029AF9B00D6CD9C /* learn02.jpg */,
				BC1AAFA92029AF9A00D6CD9C /* learn03.jpg */,
				BC1AAFAA2029AF9B00D6CD9C /* learn04.jpg */,
				BC1AAF4E20298E4A00D6CD9C /* learn.jpg */,
				BCBE1A40202408B8006007A0 /* Assets.xcassets */,
				BC1AAF5320299C0C00D6CD9C /* data */,
				BCBE1A42202408B8006007A0 /* LaunchScreen.storyboard */,
				BCBE1A45202408B8006007A0 /* Info.plist */,
				BCBE1A46202408B8006007A0 /* main.m */,
				BCBE1A6B2024114B006007A0 /* opencv.pch */,
			);
			path = opencv2Framework;
			sourceTree = "<group>";
		};
		BCBE1A4F202408B8006007A0 /* opencv2FrameworkTests */ = {
			isa = PBXGroup;
			children = (
				BCBE1A50202408B8006007A0 /* opencv2FrameworkTests.m */,
				BCBE1A52202408B8006007A0 /* Info.plist */,
			);
			path = opencv2FrameworkTests;
			sourceTree = "<group>";
		};
		BCBE1A5A202408B8006007A0 /* opencv2FrameworkUITests */ = {
			isa = PBXGroup;
			children = (
				BCBE1A5B202408B8006007A0 /* opencv2FrameworkUITests.m */,
				BCBE1A5D202408B8006007A0 /* Info.plist */,
			);
			path = opencv2FrameworkUITests;
			sourceTree = "<group>";
		};
		BCBE1A6C20241293006007A0 /* Frameworks */ = {
			isa = PBXGroup;
			children = (
				BCBE1A73202412C5006007A0 /* AudioToolbox.framework */,
				BCBE1A71202412B3006007A0 /* CoreGraphics.framework */,
				BCBE1A6F202412A1006007A0 /* Foundation.framework */,
				BCBE1A6D20241294006007A0 /* UIKit.framework */,
			);
			name = Frameworks;
			sourceTree = "<group>";
		};
/* End PBXGroup section */

/* Begin PBXNativeTarget section */
		BCBE1A33202408B8006007A0 /* opencv2Framework */ = {
			isa = PBXNativeTarget;
			buildConfigurationList = BCBE1A60202408B8006007A0 /* Build configuration list for PBXNativeTarget "opencv2Framework" */;
			buildPhases = (
				BCBE1A30202408B8006007A0 /* Sources */,
				BCBE1A31202408B8006007A0 /* Frameworks */,
				BCBE1A32202408B8006007A0 /* Resources */,
			);
			buildRules = (
			);
			dependencies = (
			);
			name = opencv2Framework;
			productName = opencv2Framework;
			productReference = BCBE1A34202408B8006007A0 /* opencv2Framework.app */;
			productType = "com.apple.product-type.application";
		};
		BCBE1A4B202408B8006007A0 /* opencv2FrameworkTests */ = {
			isa = PBXNativeTarget;
			buildConfigurationList = BCBE1A63202408B8006007A0 /* Build configuration list for PBXNativeTarget "opencv2FrameworkTests" */;
			buildPhases = (
				BCBE1A48202408B8006007A0 /* Sources */,
				BCBE1A49202408B8006007A0 /* Frameworks */,
				BCBE1A4A202408B8006007A0 /* Resources */,
			);
			buildRules = (
			);
			dependencies = (
				BCBE1A4E202408B8006007A0 /* PBXTargetDependency */,
			);
			name = opencv2FrameworkTests;
			productName = opencv2FrameworkTests;
			productReference = BCBE1A4C202408B8006007A0 /* opencv2FrameworkTests.xctest */;
			productType = "com.apple.product-type.bundle.unit-test";
		};
		BCBE1A56202408B8006007A0 /* opencv2FrameworkUITests */ = {
			isa = PBXNativeTarget;
			buildConfigurationList = BCBE1A66202408B8006007A0 /* Build configuration list for PBXNativeTarget "opencv2FrameworkUITests" */;
			buildPhases = (
				BCBE1A53202408B8006007A0 /* Sources */,
				BCBE1A54202408B8006007A0 /* Frameworks */,
				BCBE1A55202408B8006007A0 /* Resources */,
			);
			buildRules = (
			);
			dependencies = (
				BCBE1A59202408B8006007A0 /* PBXTargetDependency */,
			);
			name = opencv2FrameworkUITests;
			productName = opencv2FrameworkUITests;
			productReference = BCBE1A57202408B8006007A0 /* opencv2FrameworkUITests.xctest */;
			productType = "com.apple.product-type.bundle.ui-testing";
		};
/* End PBXNativeTarget section */

/* Begin PBXProject section */
		BCBE1A2C202408B8006007A0 /* Project object */ = {
			isa = PBXProject;
			attributes = {
				LastUpgradeCheck = 0920;
				ORGANIZATIONNAME = kingly;
				TargetAttributes = {
					BCBE1A33202408B8006007A0 = {
						CreatedOnToolsVersion = 9.2;
						ProvisioningStyle = Automatic;
					};
					BCBE1A4B202408B8006007A0 = {
						CreatedOnToolsVersion = 9.2;
						ProvisioningStyle = Automatic;
						TestTargetID = BCBE1A33202408B8006007A0;
					};
					BCBE1A56202408B8006007A0 = {
						CreatedOnToolsVersion = 9.2;
						ProvisioningStyle = Automatic;
						TestTargetID = BCBE1A33202408B8006007A0;
					};
				};
			};
			buildConfigurationList = BCBE1A2F202408B8006007A0 /* Build configuration list for PBXProject "opencv2Framework" */;
			compatibilityVersion = "Xcode 8.0";
			developmentRegion = en;
			hasScannedForEncodings = 0;
			knownRegions = (
				en,
				Base,
			);
			mainGroup = BCBE1A2B202408B8006007A0;
			productRefGroup = BCBE1A35202408B8006007A0 /* Products */;
			projectDirPath = "";
			projectRoot = "";
			targets = (
				BCBE1A33202408B8006007A0 /* opencv2Framework */,
				BCBE1A4B202408B8006007A0 /* opencv2FrameworkTests */,
				BCBE1A56202408B8006007A0 /* opencv2FrameworkUITests */,
			);
		};
/* End PBXProject section */

/* Begin PBXResourcesBuildPhase section */
		BCBE1A32202408B8006007A0 /* Resources */ = {
			isa = PBXResourcesBuildPhase;
			buildActionMask = 2147483647;
			files = (
				BCBE1A44202408B8006007A0 /* LaunchScreen.storyboard in Resources */,
				BC1AAF9820299C0C00D6CD9C /* haarcascade_licence_plate_rus_16stages.xml in Resources */,
				BC1AAF9920299C0C00D6CD9C /* haarcascade_righteye_2splits.xml in Resources */,
				BC1AAF8320299C0C00D6CD9C /* haarcascade_profileface.xml in Resources */,
				BC1AAF9D20299C0C00D6CD9C /* haarcascade_frontalface_default.xml in Resources */,
				BC1AAF9420299C0C00D6CD9C /* haarcascade_frontalface_alt2.xml in Resources */,
				BC1AAF9C20299C0C00D6CD9C /* haarcascade_russian_plate_number.xml in Resources */,
				BC1AAF8620299C0C00D6CD9C /* haarcascade_lefteye_2splits.xml in Resources */,
				BC1AAFAE2029AF9B00D6CD9C /* learn02.jpg in Resources */,
				BC1AAF8020299C0C00D6CD9C /* hogcascade_pedestrians.xml in Resources */,
				BC1AAF9120299C0C00D6CD9C /* haarcascade_frontalcatface_extended.xml in Resources */,
				BC1AAF9720299C0C00D6CD9C /* haarcascade_frontalface_alt_tree.xml in Resources */,
				BC1AAF9F20299C0C00D6CD9C /* haarcascade_fullbody.xml in Resources */,
				BC1AAF9020299C0C00D6CD9C /* haarcascade_upperbody.xml in Resources */,
				BC1AAFA220299C0C00D6CD9C /* lbpcascade_silverware.xml in Resources */,
				BC1AAF8120299C0C00D6CD9C /* CMakeLists.txt in Resources */,
				BCBE1A41202408B8006007A0 /* Assets.xcassets in Resources */,
				BC1AAFA120299C0C00D6CD9C /* lbpcascade_frontalface.xml in Resources */,
				BC1AAFAD2029AF9B00D6CD9C /* learn04.jpg in Resources */,
				BC1AAF9620299C0C00D6CD9C /* haarcascade_lefteye_2splits.xml in Resources */,
				BC1AAF8720299C0C00D6CD9C /* haarcascade_frontalface_alt_tree.xml in Resources */,
				BC1AAF9B20299C0C00D6CD9C /* haarcascade_lowerbody.xml in Resources */,
				BC1AAFA020299C0C00D6CD9C /* haarcascade_eye_tree_eyeglasses.xml in Resources */,
				BC1AAF9320299C0C00D6CD9C /* haarcascade_frontalcatface.xml in Resources */,
				BC1AAF8220299C0C00D6CD9C /* haarcascade_upperbody.xml in Resources */,
				BC1AAFAC2029AF9B00D6CD9C /* learn03.jpg in Resources */,
				BC1AAFA520299C0C00D6CD9C /* lbpcascade_frontalface_improved.xml in Resources */,
				BC1AAF8420299C0C00D6CD9C /* haarcascade_frontalface_alt2.xml in Resources */,
				BC1AAFA420299C0C00D6CD9C /* lbpcascade_profileface.xml in Resources */,
				BC1AAF9A20299C0C00D6CD9C /* haarcascade_frontalface_alt.xml in Resources */,
				BC1AAF4F20298E4A00D6CD9C /* learn.jpg in Resources */,
				BC1AAFA320299C0C00D6CD9C /* lbpcascade_frontalcatface.xml in Resources */,
				BC1AAF9E20299C0C00D6CD9C /* haarcascade_smile.xml in Resources */,
				BC1AAF8B20299C0C00D6CD9C /* haarcascade_frontalface_default.xml in Resources */,
				BC1AAF8D20299C0C00D6CD9C /* haarcascade_fullbody.xml in Resources */,
				BC1AAF9520299C0C00D6CD9C /* haarcascade_eye.xml in Resources */,
				BC1AAF8520299C0C00D6CD9C /* haarcascade_eye.xml in Resources */,
				BC1AAF8F20299C0C00D6CD9C /* trainingfaces_24-24.vec in Resources */,
				BCBE1A3F202408B8006007A0 /* Main.storyboard in Resources */,
				BC1AAF8920299C0C00D6CD9C /* haarcascade_frontalface_alt.xml in Resources */,
				BC1AAF8A20299C0C00D6CD9C /* haarcascade_lowerbody.xml in Resources */,
				BC1AAFA620299C0C00D6CD9C /* readme.txt in Resources */,
				BC1AAF8E20299C0C00D6CD9C /* haarcascade_eye_tree_eyeglasses.xml in Resources */,
				BC1AAF8820299C0C00D6CD9C /* haarcascade_righteye_2splits.xml in Resources */,
				BC1AAF8C20299C0C00D6CD9C /* haarcascade_smile.xml in Resources */,
				BC1AAF9220299C0C00D6CD9C /* haarcascade_profileface.xml in Resources */,
			);
			runOnlyForDeploymentPostprocessing = 0;
		};
		BCBE1A4A202408B8006007A0 /* Resources */ = {
			isa = PBXResourcesBuildPhase;
			buildActionMask = 2147483647;
			files = (
			);
			runOnlyForDeploymentPostprocessing = 0;
		};
		BCBE1A55202408B8006007A0 /* Resources */ = {
			isa = PBXResourcesBuildPhase;
			buildActionMask = 2147483647;
			files = (
			);
			runOnlyForDeploymentPostprocessing = 0;
		};
/* End PBXResourcesBuildPhase section */

/* Begin PBXSourcesBuildPhase section */
		BCBE1A30202408B8006007A0 /* Sources */ = {
			isa = PBXSourcesBuildPhase;
			buildActionMask = 2147483647;
			files = (
				BC1AAF522029992500D6CD9C /* HaartrainingViewController.mm in Sources */,
				BCBE1A7720241608006007A0 /* UIImage+OpenCV.mm in Sources */,
				BCBE1A3C202408B8006007A0 /* ViewController.mm in Sources */,
				BCBE1A47202408B8006007A0 /* main.m in Sources */,
				BCBE1A39202408B8006007A0 /* AppDelegate.mm in Sources */,
			);
			runOnlyForDeploymentPostprocessing = 0;
		};
		BCBE1A48202408B8006007A0 /* Sources */ = {
			isa = PBXSourcesBuildPhase;
			buildActionMask = 2147483647;
			files = (
				BCBE1A51202408B8006007A0 /* opencv2FrameworkTests.m in Sources */,
			);
			runOnlyForDeploymentPostprocessing = 0;
		};
		BCBE1A53202408B8006007A0 /* Sources */ = {
			isa = PBXSourcesBuildPhase;
			buildActionMask = 2147483647;
			files = (
				BCBE1A5C202408B8006007A0 /* opencv2FrameworkUITests.m in Sources */,
			);
			runOnlyForDeploymentPostprocessing = 0;
		};
/* End PBXSourcesBuildPhase section */

/* Begin PBXTargetDependency section */
		BCBE1A4E202408B8006007A0 /* PBXTargetDependency */ = {
			isa = PBXTargetDependency;
			target = BCBE1A33202408B8006007A0 /* opencv2Framework */;
			targetProxy = BCBE1A4D202408B8006007A0 /* PBXContainerItemProxy */;
		};
		BCBE1A59202408B8006007A0 /* PBXTargetDependency */ = {
			isa = PBXTargetDependency;
			target = BCBE1A33202408B8006007A0 /* opencv2Framework */;
			targetProxy = BCBE1A58202408B8006007A0 /* PBXContainerItemProxy */;
		};
/* End PBXTargetDependency section */

/* Begin PBXVariantGroup section */
		BCBE1A3D202408B8006007A0 /* Main.storyboard */ = {
			isa = PBXVariantGroup;
			children = (
				BCBE1A3E202408B8006007A0 /* Base */,
			);
			name = Main.storyboard;
			sourceTree = "<group>";
		};
		BCBE1A42202408B8006007A0 /* LaunchScreen.storyboard */ = {
			isa = PBXVariantGroup;
			children = (
				BCBE1A43202408B8006007A0 /* Base */,
			);
			name = LaunchScreen.storyboard;
			sourceTree = "<group>";
		};
/* End PBXVariantGroup section */

/* Begin XCBuildConfiguration section */
		BCBE1A5E202408B8006007A0 /* Debug */ = {
			isa = XCBuildConfiguration;
			buildSettings = {
				ALWAYS_SEARCH_USER_PATHS = NO;
				CLANG_ANALYZER_NONNULL = YES;
				CLANG_ANALYZER_NUMBER_OBJECT_CONVERSION = YES_AGGRESSIVE;
				CLANG_CXX_LANGUAGE_STANDARD = "gnu++14";
				CLANG_CXX_LIBRARY = "libc++";
				CLANG_ENABLE_MODULES = YES;
				CLANG_ENABLE_OBJC_ARC = YES;
				CLANG_WARN_BLOCK_CAPTURE_AUTORELEASING = YES;
				CLANG_WARN_BOOL_CONVERSION = YES;
				CLANG_WARN_COMMA = YES;
				CLANG_WARN_CONSTANT_CONVERSION = YES;
				CLANG_WARN_DIRECT_OBJC_ISA_USAGE = YES_ERROR;
				CLANG_WARN_DOCUMENTATION_COMMENTS = YES;
				CLANG_WARN_EMPTY_BODY = YES;
				CLANG_WARN_ENUM_CONVERSION = YES;
				CLANG_WARN_INFINITE_RECURSION = YES;
				CLANG_WARN_INT_CONVERSION = YES;
				CLANG_WARN_NON_LITERAL_NULL_CONVERSION = YES;
				CLANG_WARN_OBJC_LITERAL_CONVERSION = YES;
				CLANG_WARN_OBJC_ROOT_CLASS = YES_ERROR;
				CLANG_WARN_RANGE_LOOP_ANALYSIS = YES;
				CLANG_WARN_STRICT_PROTOTYPES = YES;
				CLANG_WARN_SUSPICIOUS_MOVE = YES;
				CLANG_WARN_UNGUARDED_AVAILABILITY = YES_AGGRESSIVE;
				CLANG_WARN_UNREACHABLE_CODE = YES;
				CLANG_WARN__DUPLICATE_METHOD_MATCH = YES;
				CODE_SIGN_IDENTITY = "iPhone Developer";
				COPY_PHASE_STRIP = NO;
				DEBUG_INFORMATION_FORMAT = dwarf;
				ENABLE_STRICT_OBJC_MSGSEND = YES;
				ENABLE_TESTABILITY = YES;
				GCC_C_LANGUAGE_STANDARD = gnu11;
				GCC_DYNAMIC_NO_PIC = NO;
				GCC_NO_COMMON_BLOCKS = YES;
				GCC_OPTIMIZATION_LEVEL = 0;
				GCC_PREPROCESSOR_DEFINITIONS = (
					"DEBUG=1",
					"$(inherited)",
				);
				GCC_WARN_64_TO_32_BIT_CONVERSION = YES;
				GCC_WARN_ABOUT_RETURN_TYPE = YES_ERROR;
				GCC_WARN_UNDECLARED_SELECTOR = YES;
				GCC_WARN_UNINITIALIZED_AUTOS = YES_AGGRESSIVE;
				GCC_WARN_UNUSED_FUNCTION = YES;
				GCC_WARN_UNUSED_VARIABLE = YES;
				IPHONEOS_DEPLOYMENT_TARGET = 11.2;
				MTL_ENABLE_DEBUG_INFO = YES;
				ONLY_ACTIVE_ARCH = YES;
				SDKROOT = iphoneos;
			};
			name = Debug;
		};
		BCBE1A5F202408B8006007A0 /* Release */ = {
			isa = XCBuildConfiguration;
			buildSettings = {
				ALWAYS_SEARCH_USER_PATHS = NO;
				CLANG_ANALYZER_NONNULL = YES;
				CLANG_ANALYZER_NUMBER_OBJECT_CONVERSION = YES_AGGRESSIVE;
				CLANG_CXX_LANGUAGE_STANDARD = "gnu++14";
				CLANG_CXX_LIBRARY = "libc++";
				CLANG_ENABLE_MODULES = YES;
				CLANG_ENABLE_OBJC_ARC = YES;
				CLANG_WARN_BLOCK_CAPTURE_AUTORELEASING = YES;
				CLANG_WARN_BOOL_CONVERSION = YES;
				CLANG_WARN_COMMA = YES;
				CLANG_WARN_CONSTANT_CONVERSION = YES;
				CLANG_WARN_DIRECT_OBJC_ISA_USAGE = YES_ERROR;
				CLANG_WARN_DOCUMENTATION_COMMENTS = YES;
				CLANG_WARN_EMPTY_BODY = YES;
				CLANG_WARN_ENUM_CONVERSION = YES;
				CLANG_WARN_INFINITE_RECURSION = YES;
				CLANG_WARN_INT_CONVERSION = YES;
				CLANG_WARN_NON_LITERAL_NULL_CONVERSION = YES;
				CLANG_WARN_OBJC_LITERAL_CONVERSION = YES;
				CLANG_WARN_OBJC_ROOT_CLASS = YES_ERROR;
				CLANG_WARN_RANGE_LOOP_ANALYSIS = YES;
				CLANG_WARN_STRICT_PROTOTYPES = YES;
				CLANG_WARN_SUSPICIOUS_MOVE = YES;
				CLANG_WARN_UNGUARDED_AVAILABILITY = YES_AGGRESSIVE;
				CLANG_WARN_UNREACHABLE_CODE = YES;
				CLANG_WARN__DUPLICATE_METHOD_MATCH = YES;
				CODE_SIGN_IDENTITY = "iPhone Developer";
				COPY_PHASE_STRIP = NO;
				DEBUG_INFORMATION_FORMAT = "dwarf-with-dsym";
				ENABLE_NS_ASSERTIONS = NO;
				ENABLE_STRICT_OBJC_MSGSEND = YES;
				GCC_C_LANGUAGE_STANDARD = gnu11;
				GCC_NO_COMMON_BLOCKS = YES;
				GCC_WARN_64_TO_32_BIT_CONVERSION = YES;
				GCC_WARN_ABOUT_RETURN_TYPE = YES_ERROR;
				GCC_WARN_UNDECLARED_SELECTOR = YES;
				GCC_WARN_UNINITIALIZED_AUTOS = YES_AGGRESSIVE;
				GCC_WARN_UNUSED_FUNCTION = YES;
				GCC_WARN_UNUSED_VARIABLE = YES;
				IPHONEOS_DEPLOYMENT_TARGET = 11.2;
				MTL_ENABLE_DEBUG_INFO = NO;
				SDKROOT = iphoneos;
				VALIDATE_PRODUCT = YES;
			};
			name = Release;
		};
		BCBE1A61202408B8006007A0 /* Debug */ = {
			isa = XCBuildConfiguration;
			buildSettings = {
				ASSETCATALOG_COMPILER_APPICON_NAME = AppIcon;
				CLANG_CXX_LANGUAGE_STANDARD = "gnu++0x";
				CLANG_CXX_LIBRARY = "libc++";
				CODE_SIGN_STYLE = Automatic;
				DEVELOPMENT_TEAM = KE5MJRYE2S;
				FRAMEWORK_SEARCH_PATHS = (
					"$(inherited)",
					"$(PROJECT_DIR)/opencv2Framework",
				);
				GCC_PREFIX_HEADER = opencv2Framework/opencv.pch;
				INFOPLIST_FILE = opencv2Framework/Info.plist;
				IPHONEOS_DEPLOYMENT_TARGET = 8;
				LD_RUNPATH_SEARCH_PATHS = "$(inherited) @executable_path/Frameworks";
				PRODUCT_BUNDLE_IDENTIFIER = com.bc.opencv2Framework;
				PRODUCT_NAME = "$(TARGET_NAME)";
				TARGETED_DEVICE_FAMILY = "1,2";
			};
			name = Debug;
		};
		BCBE1A62202408B8006007A0 /* Release */ = {
			isa = XCBuildConfiguration;
			buildSettings = {
				ASSETCATALOG_COMPILER_APPICON_NAME = AppIcon;
				CLANG_CXX_LANGUAGE_STANDARD = "gnu++0x";
				CLANG_CXX_LIBRARY = "libc++";
				CODE_SIGN_STYLE = Automatic;
				DEVELOPMENT_TEAM = KE5MJRYE2S;
				FRAMEWORK_SEARCH_PATHS = (
					"$(inherited)",
					"$(PROJECT_DIR)/opencv2Framework",
				);
				GCC_PREFIX_HEADER = opencv2Framework/opencv.pch;
				INFOPLIST_FILE = opencv2Framework/Info.plist;
				IPHONEOS_DEPLOYMENT_TARGET = 8;
				LD_RUNPATH_SEARCH_PATHS = "$(inherited) @executable_path/Frameworks";
				PRODUCT_BUNDLE_IDENTIFIER = com.bc.opencv2Framework;
				PRODUCT_NAME = "$(TARGET_NAME)";
				TARGETED_DEVICE_FAMILY = "1,2";
			};
			name = Release;
		};
		BCBE1A64202408B8006007A0 /* Debug */ = {
			isa = XCBuildConfiguration;
			buildSettings = {
				BUNDLE_LOADER = "$(TEST_HOST)";
				CODE_SIGN_STYLE = Automatic;
				DEVELOPMENT_TEAM = KE5MJRYE2S;
				INFOPLIST_FILE = opencv2FrameworkTests/Info.plist;
				LD_RUNPATH_SEARCH_PATHS = "$(inherited) @executable_path/Frameworks @loader_path/Frameworks";
				PRODUCT_BUNDLE_IDENTIFIER = com.bc.opencv2FrameworkTests;
				PRODUCT_NAME = "$(TARGET_NAME)";
				TARGETED_DEVICE_FAMILY = "1,2";
				TEST_HOST = "$(BUILT_PRODUCTS_DIR)/opencv2Framework.app/opencv2Framework";
			};
			name = Debug;
		};
		BCBE1A65202408B8006007A0 /* Release */ = {
			isa = XCBuildConfiguration;
			buildSettings = {
				BUNDLE_LOADER = "$(TEST_HOST)";
				CODE_SIGN_STYLE = Automatic;
				DEVELOPMENT_TEAM = KE5MJRYE2S;
				INFOPLIST_FILE = opencv2FrameworkTests/Info.plist;
				LD_RUNPATH_SEARCH_PATHS = "$(inherited) @executable_path/Frameworks @loader_path/Frameworks";
				PRODUCT_BUNDLE_IDENTIFIER = com.bc.opencv2FrameworkTests;
				PRODUCT_NAME = "$(TARGET_NAME)";
				TARGETED_DEVICE_FAMILY = "1,2";
				TEST_HOST = "$(BUILT_PRODUCTS_DIR)/opencv2Framework.app/opencv2Framework";
			};
			name = Release;
		};
		BCBE1A67202408B8006007A0 /* Debug */ = {
			isa = XCBuildConfiguration;
			buildSettings = {
				CODE_SIGN_STYLE = Automatic;
				DEVELOPMENT_TEAM = KE5MJRYE2S;
				INFOPLIST_FILE = opencv2FrameworkUITests/Info.plist;
				LD_RUNPATH_SEARCH_PATHS = "$(inherited) @executable_path/Frameworks @loader_path/Frameworks";
				PRODUCT_BUNDLE_IDENTIFIER = com.bc.opencv2FrameworkUITests;
				PRODUCT_NAME = "$(TARGET_NAME)";
				TARGETED_DEVICE_FAMILY = "1,2";
				TEST_TARGET_NAME = opencv2Framework;
			};
			name = Debug;
		};
		BCBE1A68202408B8006007A0 /* Release */ = {
			isa = XCBuildConfiguration;
			buildSettings = {
				CODE_SIGN_STYLE = Automatic;
				DEVELOPMENT_TEAM = KE5MJRYE2S;
				INFOPLIST_FILE = opencv2FrameworkUITests/Info.plist;
				LD_RUNPATH_SEARCH_PATHS = "$(inherited) @executable_path/Frameworks @loader_path/Frameworks";
				PRODUCT_BUNDLE_IDENTIFIER = com.bc.opencv2FrameworkUITests;
				PRODUCT_NAME = "$(TARGET_NAME)";
				TARGETED_DEVICE_FAMILY = "1,2";
				TEST_TARGET_NAME = opencv2Framework;
			};
			name = Release;
		};
/* End XCBuildConfiguration section */

/* Begin XCConfigurationList section */
		BCBE1A2F202408B8006007A0 /* Build configuration list for PBXProject "opencv2Framework" */ = {
			isa = XCConfigurationList;
			buildConfigurations = (
				BCBE1A5E202408B8006007A0 /* Debug */,
				BCBE1A5F202408B8006007A0 /* Release */,
			);
			defaultConfigurationIsVisible = 0;
			defaultConfigurationName = Release;
		};
		BCBE1A60202408B8006007A0 /* Build configuration list for PBXNativeTarget "opencv2Framework" */ = {
			isa = XCConfigurationList;
			buildConfigurations = (
				BCBE1A61202408B8006007A0 /* Debug */,
				BCBE1A62202408B8006007A0 /* Release */,
			);
			defaultConfigurationIsVisible = 0;
			defaultConfigurationName = Release;
		};
		BCBE1A63202408B8006007A0 /* Build configuration list for PBXNativeTarget "opencv2FrameworkTests" */ = {
			isa = XCConfigurationList;
			buildConfigurations = (
				BCBE1A64202408B8006007A0 /* Debug */,
				BCBE1A65202408B8006007A0 /* Release */,
			);
			defaultConfigurationIsVisible = 0;
			defaultConfigurationName = Release;
		};
		BCBE1A66202408B8006007A0 /* Build configuration list for PBXNativeTarget "opencv2FrameworkUITests" */ = {
			isa = XCConfigurationList;
			buildConfigurations = (
				BCBE1A67202408B8006007A0 /* Debug */,
				BCBE1A68202408B8006007A0 /* Release */,
			);
			defaultConfigurationIsVisible = 0;
			defaultConfigurationName = Release;
		};
/* End XCConfigurationList section */
	};
	rootObject = BCBE1A2C202408B8006007A0 /* Project object */;
}
